{
  "nodes": {
    "flake-parts": {
      "inputs": {
        "nixpkgs-lib": [
          "neovim-nightly-overlay",
          "nixpkgs"
        ]
      },
      "locked": {
        "lastModified": 1763759067,
        "narHash": "sha256-LlLt2Jo/gMNYAwOgdRQBrsRoOz7BPRkzvNaI/fzXi2Q=",
        "owner": "hercules-ci",
        "repo": "flake-parts",
        "rev": "2cccadc7357c0ba201788ae99c4dfa90728ef5e0",
        "type": "github"
      },
      "original": {
        "owner": "hercules-ci",
        "repo": "flake-parts",
        "type": "github"
      }
    },
    "neovim-nightly-overlay": {
      "inputs": {
        "flake-parts": "flake-parts",
        "neovim-src": "neovim-src",
        "nixpkgs": [
          "nixpkgs"
        ]
      },
      "locked": {
        "lastModified": 1764288300,
        "narHash": "sha256-X8qIC90jc795Dn7nLMGKNhrJFSJBs9EdZrcXpUk5J/I=",
        "owner": "nix-community",
        "repo": "neovim-nightly-overlay",
        "rev": "30a1b5cf578f27354fd82bbfa50db3e3760330be",
        "type": "github"
      },
      "original": {
        "owner": "nix-community",
        "repo": "neovim-nightly-overlay",
        "type": "github"
      }
    },
    "neovim-src": {
      "flake": false,
      "locked": {
        "lastModified": 1764267980,
        "narHash": "sha256-N0XehJWCNFid59zlqlNAb38EgGoMscSjgWJqkkrVnj8=",
        "owner": "neovim",
        "repo": "neovim",
        "rev": "a6ea446c7e68b29d65b65a4dd086d12c615e22f9",
        "type": "github"
      },
      "original": {
        "owner": "neovim",
        "repo": "neovim",
        "type": "github"
      }
    },
    "nixCats": {
      "locked": {
        "lastModified": 1764009888,
        "narHash": "sha256-hJekfTiW1792txgRSM4LcHnz1lDSY87LYbsJEn2V378=",
        "owner": "BirdeeHub",
        "repo": "nixCats-nvim",
        "rev": "16ac3281f322ea15d39843829e42a44d22da3715",
        "type": "github"
      },
      "original": {
        "owner": "BirdeeHub",
        "repo": "nixCats-nvim",
        "type": "github"
      }
    },
    "nixpkgs": {
      "locked": {
        "lastModified": 1764230294,
        "narHash": "sha256-Z63xl5Scj3Y/zRBPAWq1eT68n2wBWGCIEF4waZ0bQBE=",
        "owner": "nixos",
        "repo": "nixpkgs",
        "rev": "0d59e0290eefe0f12512043842d7096c4070f30e",
        "type": "github"
      },
      "original": {
        "owner": "nixos",
        "ref": "nixpkgs-unstable",
        "repo": "nixpkgs",
        "type": "github"
      }
    },
    "plugins-img-clip": {
      "flake": false,
      "locked": {
        "lastModified": 1760179745,
        "narHash": "sha256-y64PLlOsSJ3R47R08URX77AQtWi/NP2bs1fiXyXUy0k=",
        "owner": "HakonHarnes",
        "repo": "img-clip.nvim",
        "rev": "e7e29f0d07110405adecd576b602306a7edd507a",
        "type": "github"
      },
      "original": {
        "owner": "HakonHarnes",
        "repo": "img-clip.nvim",
        "type": "github"
      }
    },
    "plugins-multicursor": {
      "flake": false,
      "locked": {
        "lastModified": 1763422594,
        "narHash": "sha256-XhVv8roiI1hx05LIUFayuDS65Xt0jq1wauQ4ZzwOoT8=",
        "owner": "jake-stewart",
        "repo": "multicursor.nvim",
        "rev": "a6cf4e7daaf10a6b14bb7838caf779f0de5070cd",
        "type": "github"
      },
      "original": {
        "owner": "jake-stewart",
        "repo": "multicursor.nvim",
        "type": "github"
      }
    },
    "plugins-render-markdown": {
      "flake": false,
      "locked": {
        "lastModified": 1763430554,
        "narHash": "sha256-0DwPuzqR+7R4lJFQ9f2xN26YhdQKg85Hw6+bPvloZoc=",
        "owner": "MeanderingProgrammer",
        "repo": "render-markdown.nvim",
        "rev": "6e0e8902dac70fecbdd8ce557d142062a621ec38",
        "type": "github"
      },
      "original": {
        "owner": "MeanderingProgrammer",
        "repo": "render-markdown.nvim",
        "type": "github"
      }
    },
    "root": {
      "inputs": {
        "neovim-nightly-overlay": "neovim-nightly-overlay",
        "nixCats": "nixCats",
        "nixpkgs": "nixpkgs",
        "plugins-img-clip": "plugins-img-clip",
        "plugins-multicursor": "plugins-multicursor",
        "plugins-render-markdown": "plugins-render-markdown"
      }
    }
  },
  "root": "root",
  "version": 7
}
